
Microsoft Visual Studio Solution File, Format Version 12.00
# Visual Studio Version 17
VisualStudioVersion = 17.10.34928.147
MinimumVisualStudioVersion = 10.0.40219.1
Project("{9A19103F-16F7-4668-BE54-9A1E7A4F7556}") = "WebAPI", "WebAPI\WebAPI.csproj", "{9732CF41-DCFF-4386-8DEF-650F756A1732}"
EndProject
Project("{FAE04EC0-301F-11D3-BF4B-00C04F79EFBC}") = "Application", "Application\Application.csproj", "{C011A60E-FDA4-4C90-A2EF-87B4130F28A1}"
EndProject
Project("{FAE04EC0-301F-11D3-BF4B-00C04F79EFBC}") = "Infrastructure", "Infrastructure\Infrastructure.csproj", "{84E1F599-7F60-4647-993E-5024DAA2687B}"
EndProject
Global
	GlobalSection(SolutionConfigurationPlatforms) = preSolution
		Debug|Any CPU = Debug|Any CPU
		Release|Any CPU = Release|Any CPU
	EndGlobalSection
	GlobalSection(ProjectConfigurationPlatforms) = postSolution
		{9732CF41-DCFF-4386-8DEF-650F756A1732}.Debug|Any CPU.ActiveCfg = Debug|Any CPU
		{9732CF41-DCFF-4386-8DEF-650F756A1732}.Debug|Any CPU.Build.0 = Debug|Any CPU
		{9732CF41-DCFF-4386-8DEF-650F756A1732}.Release|Any CPU.ActiveCfg = Release|Any CPU
		{9732CF41-DCFF-4386-8DEF-650F756A1732}.Release|Any CPU.Build.0 = Release|Any CPU
		{C011A60E-FDA4-4C90-A2EF-87B4130F28A1}.Debug|Any CPU.ActiveCfg = Debug|Any CPU
		{C011A60E-FDA4-4C90-A2EF-87B4130F28A1}.Debug|Any CPU.Build.0 = Debug|Any CPU
		{C011A60E-FDA4-4C90-A2EF-87B4130F28A1}.Release|Any CPU.ActiveCfg = Release|Any CPU
		{C011A60E-FDA4-4C90-A2EF-87B4130F28A1}.Release|Any CPU.Build.0 = Release|Any CPU
		{84E1F599-7F60-4647-993E-5024DAA2687B}.Debug|Any CPU.ActiveCfg = Debug|Any CPU
		{84E1F599-7F60-4647-993E-5024DAA2687B}.Debug|Any CPU.Build.0 = Debug|Any CPU
		{84E1F599-7F60-4647-993E-5024DAA2687B}.Release|Any CPU.ActiveCfg = Release|Any CPU
		{84E1F599-7F60-4647-993E-5024DAA2687B}.Release|Any CPU.Build.0 = Release|Any CPU
	EndGlobalSection
	GlobalSection(SolutionProperties) = preSolution
		HideSolutionNode = FALSE
	EndGlobalSection
	GlobalSection(ExtensibilityGlobals) = postSolution
		SolutionGuid = {84BB33D4-8A53-4448-ACDE-25C7E6A06085}
	EndGlobalSection
EndGlobal
